// !$*UTF8*$!
{
	archiveVersion = 1;
	classes = {
	};
	objectVersion = 46;
	objects = {

/* Begin PBXBuildFile section */
		975361251B74CB7B00C76208 /* AMTeamCell.m in Sources */ = {isa = PBXBuildFile; fileRef = 975361241B74CB7B00C76208 /* AMTeamCell.m */; };
		975361291B74EF4900C76208 /* AMWordPachageCell.m in Sources */ = {isa = PBXBuildFile; fileRef = 975361281B74EF4900C76208 /* AMWordPachageCell.m */; };
		9755B0171B726509002286BF /* AMTeam.m in Sources */ = {isa = PBXBuildFile; fileRef = 9755B0161B726509002286BF /* AMTeam.m */; };
		9755B01A1B726586002286BF /* AMGame.m in Sources */ = {isa = PBXBuildFile; fileRef = 9755B0191B726586002286BF /* AMGame.m */; };
		9755B01D1B72662D002286BF /* AMWordPachage.m in Sources */ = {isa = PBXBuildFile; fileRef = 9755B01C1B72662D002286BF /* AMWordPachage.m */; };
		979882571B7217EC00580188 /* main.m in Sources */ = {isa = PBXBuildFile; fileRef = 979882561B7217EC00580188 /* main.m */; };
		9798825A1B7217EC00580188 /* AppDelegate.m in Sources */ = {isa = PBXBuildFile; fileRef = 979882591B7217EC00580188 /* AppDelegate.m */; };
		9798825D1B7217EC00580188 /* ViewController.m in Sources */ = {isa = PBXBuildFile; fileRef = 9798825C1B7217EC00580188 /* ViewController.m */; };
		979882601B7217EC00580188 /* Main.storyboard in Resources */ = {isa = PBXBuildFile; fileRef = 9798825E1B7217EC00580188 /* Main.storyboard */; };
		979882621B7217EC00580188 /* Images.xcassets in Resources */ = {isa = PBXBuildFile; fileRef = 979882611B7217EC00580188 /* Images.xcassets */; };
		979882711B7217ED00580188 /* AliasTests.m in Sources */ = {isa = PBXBuildFile; fileRef = 979882701B7217ED00580188 /* AliasTests.m */; };
		9798829C1B7218A900580188 /* add team click.png in Resources */ = {isa = PBXBuildFile; fileRef = 9798827B1B7218A900580188 /* add team click.png */; };
		9798829D1B7218A900580188 /* add team.png in Resources */ = {isa = PBXBuildFile; fileRef = 9798827C1B7218A900580188 /* add team.png */; };
		9798829E1B7218A900580188 /* bg.png in Resources */ = {isa = PBXBuildFile; fileRef = 9798827D1B7218A900580188 /* bg.png */; };
		9798829F1B7218A900580188 /* btn add words click.png in Resources */ = {isa = PBXBuildFile; fileRef = 9798827E1B7218A900580188 /* btn add words click.png */; };
		979882A01B7218A900580188 /* btn add words.png in Resources */ = {isa = PBXBuildFile; fileRef = 9798827F1B7218A900580188 /* btn add words.png */; };
		979882A11B7218A900580188 /* btn buy click.png in Resources */ = {isa = PBXBuildFile; fileRef = 979882801B7218A900580188 /* btn buy click.png */; };
		979882A21B7218A900580188 /* btn buy.png in Resources */ = {isa = PBXBuildFile; fileRef = 979882811B7218A900580188 /* btn buy.png */; };
		979882A31B7218A900580188 /* btn continue click.png in Resources */ = {isa = PBXBuildFile; fileRef = 979882821B7218A900580188 /* btn continue click.png */; };
		979882A41B7218A900580188 /* btn continue.png in Resources */ = {isa = PBXBuildFile; fileRef = 979882831B7218A900580188 /* btn continue.png */; };
		979882A51B7218A900580188 /* btn end click.png in Resources */ = {isa = PBXBuildFile; fileRef = 979882841B7218A900580188 /* btn end click.png */; };
		979882A61B7218A900580188 /* btn end.png in Resources */ = {isa = PBXBuildFile; fileRef = 979882851B7218A900580188 /* btn end.png */; };
		979882A71B7218A900580188 /* btn for progress bar.png in Resources */ = {isa = PBXBuildFile; fileRef = 979882861B7218A900580188 /* btn for progress bar.png */; };
		979882A81B7218A900580188 /* btn game rule click.png in Resources */ = {isa = PBXBuildFile; fileRef = 979882871B7218A900580188 /* btn game rule click.png */; };
		979882A91B7218A900580188 /* btn game rule.png in Resources */ = {isa = PBXBuildFile; fileRef = 979882881B7218A900580188 /* btn game rule.png */; };
		979882AA1B7218A900580188 /* btn new game click.png in Resources */ = {isa = PBXBuildFile; fileRef = 979882891B7218A900580188 /* btn new game click.png */; };
		979882AB1B7218A900580188 /* btn new game.png in Resources */ = {isa = PBXBuildFile; fileRef = 9798828A1B7218A900580188 /* btn new game.png */; };
		979882AC1B7218A900580188 /* btn next click.png in Resources */ = {isa = PBXBuildFile; fileRef = 9798828B1B7218A900580188 /* btn next click.png */; };
		979882AD1B7218A900580188 /* btn next.png in Resources */ = {isa = PBXBuildFile; fileRef = 9798828C1B7218A900580188 /* btn next.png */; };
		979882AE1B7218A900580188 /* btn OK click.png in Resources */ = {isa = PBXBuildFile; fileRef = 9798828D1B7218A900580188 /* btn OK click.png */; };
		979882AF1B7218A900580188 /* btn OK.png in Resources */ = {isa = PBXBuildFile; fileRef = 9798828E1B7218A900580188 /* btn OK.png */; };
		979882B01B7218A900580188 /* btn start click.png in Resources */ = {isa = PBXBuildFile; fileRef = 9798828F1B7218A900580188 /* btn start click.png */; };
		979882B11B7218A900580188 /* btn start game click.png in Resources */ = {isa = PBXBuildFile; fileRef = 979882901B7218A900580188 /* btn start game click.png */; };
		979882B21B7218A900580188 /* btn start game.png in Resources */ = {isa = PBXBuildFile; fileRef = 979882911B7218A900580188 /* btn start game.png */; };
		979882B31B7218A900580188 /* btn start.png in Resources */ = {isa = PBXBuildFile; fileRef = 979882921B7218A900580188 /* btn start.png */; };
		979882B41B7218A900580188 /* check OFF.png in Resources */ = {isa = PBXBuildFile; fileRef = 979882931B7218A900580188 /* check OFF.png */; };
		979882B51B7218A900580188 /* check ON.png in Resources */ = {isa = PBXBuildFile; fileRef = 979882941B7218A900580188 /* check ON.png */; };
		979882B61B7218A900580188 /* check unuse.png in Resources */ = {isa = PBXBuildFile; fileRef = 979882951B7218A900580188 /* check unuse.png */; };
		979882B71B7218A900580188 /* check use.png in Resources */ = {isa = PBXBuildFile; fileRef = 979882961B7218A900580188 /* check use.png */; };
		979882B81B7218A900580188 /* field pay.png in Resources */ = {isa = PBXBuildFile; fileRef = 979882971B7218A900580188 /* field pay.png */; };
		979882B91B7218A900580188 /* logo.png in Resources */ = {isa = PBXBuildFile; fileRef = 979882981B7218A900580188 /* logo.png */; };
		979882BA1B7218A900580188 /* map.png in Resources */ = {isa = PBXBuildFile; fileRef = 979882991B7218A900580188 /* map.png */; };
		979882BB1B7218A900580188 /* progress bar.png in Resources */ = {isa = PBXBuildFile; fileRef = 9798829A1B7218A900580188 /* progress bar.png */; };
		979882BC1B7218A900580188 /* round logo.png in Resources */ = {isa = PBXBuildFile; fileRef = 9798829B1B7218A900580188 /* round logo.png */; };
		979882C01B721E2C00580188 /* Obelix pro.ttf in Resources */ = {isa = PBXBuildFile; fileRef = 979882BE1B7218D200580188 /* Obelix pro.ttf */; };
		979882C51B725AF700580188 /* AMGameContoller.m in Sources */ = {isa = PBXBuildFile; fileRef = 979882C41B725AF700580188 /* AMGameContoller.m */; };
/* End PBXBuildFile section */

/* Begin PBXContainerItemProxy section */
		9798826B1B7217ED00580188 /* PBXContainerItemProxy */ = {
			isa = PBXContainerItemProxy;
			containerPortal = 979882491B7217EC00580188 /* Project object */;
			proxyType = 1;
			remoteGlobalIDString = 979882501B7217EC00580188;
			remoteInfo = Alias;
		};
/* End PBXContainerItemProxy section */

/* Begin PBXFileReference section */
		975361231B74CB7B00C76208 /* AMTeamCell.h */ = {isa = PBXFileReference; fileEncoding = 4; lastKnownFileType = sourcecode.c.h; path = AMTeamCell.h; sourceTree = "<group>"; };
		975361241B74CB7B00C76208 /* AMTeamCell.m */ = {isa = PBXFileReference; fileEncoding = 4; lastKnownFileType = sourcecode.c.objc; path = AMTeamCell.m; sourceTree = "<group>"; };
		975361271B74EF4900C76208 /* AMWordPachageCell.h */ = {isa = PBXFileReference; fileEncoding = 4; lastKnownFileType = sourcecode.c.h; path = AMWordPachageCell.h; sourceTree = "<group>"; };
		975361281B74EF4900C76208 /* AMWordPachageCell.m */ = {isa = PBXFileReference; fileEncoding = 4; lastKnownFileType = sourcecode.c.objc; path = AMWordPachageCell.m; sourceTree = "<group>"; };
		9755B0151B726509002286BF /* AMTeam.h */ = {isa = PBXFileReference; fileEncoding = 4; lastKnownFileType = sourcecode.c.h; path = AMTeam.h; sourceTree = "<group>"; };
		9755B0161B726509002286BF /* AMTeam.m */ = {isa = PBXFileReference; fileEncoding = 4; lastKnownFileType = sourcecode.c.objc; path = AMTeam.m; sourceTree = "<group>"; };
		9755B0181B726586002286BF /* AMGame.h */ = {isa = PBXFileReference; fileEncoding = 4; lastKnownFileType = sourcecode.c.h; path = AMGame.h; sourceTree = "<group>"; };
		9755B0191B726586002286BF /* AMGame.m */ = {isa = PBXFileReference; fileEncoding = 4; lastKnownFileType = sourcecode.c.objc; path = AMGame.m; sourceTree = "<group>"; };
		9755B01B1B72662D002286BF /* AMWordPachage.h */ = {isa = PBXFileReference; fileEncoding = 4; lastKnownFileType = sourcecode.c.h; path = AMWordPachage.h; sourceTree = "<group>"; };
		9755B01C1B72662D002286BF /* AMWordPachage.m */ = {isa = PBXFileReference; fileEncoding = 4; lastKnownFileType = sourcecode.c.objc; path = AMWordPachage.m; sourceTree = "<group>"; };
		979882511B7217EC00580188 /* Alias.app */ = {isa = PBXFileReference; explicitFileType = wrapper.application; includeInIndex = 0; path = Alias.app; sourceTree = BUILT_PRODUCTS_DIR; };
		979882551B7217EC00580188 /* Info.plist */ = {isa = PBXFileReference; lastKnownFileType = text.plist.xml; path = Info.plist; sourceTree = "<group>"; };
		979882561B7217EC00580188 /* main.m */ = {isa = PBXFileReference; lastKnownFileType = sourcecode.c.objc; path = main.m; sourceTree = "<group>"; };
		979882581B7217EC00580188 /* AppDelegate.h */ = {isa = PBXFileReference; lastKnownFileType = sourcecode.c.h; path = AppDelegate.h; sourceTree = "<group>"; };
		979882591B7217EC00580188 /* AppDelegate.m */ = {isa = PBXFileReference; lastKnownFileType = sourcecode.c.objc; path = AppDelegate.m; sourceTree = "<group>"; };
		9798825B1B7217EC00580188 /* ViewController.h */ = {isa = PBXFileReference; lastKnownFileType = sourcecode.c.h; path = ViewController.h; sourceTree = "<group>"; };
		9798825C1B7217EC00580188 /* ViewController.m */ = {isa = PBXFileReference; lastKnownFileType = sourcecode.c.objc; path = ViewController.m; sourceTree = "<group>"; };
		9798825F1B7217EC00580188 /* Base */ = {isa = PBXFileReference; lastKnownFileType = file.storyboard; name = Base; path = Base.lproj/Main.storyboard; sourceTree = "<group>"; };
		979882611B7217EC00580188 /* Images.xcassets */ = {isa = PBXFileReference; lastKnownFileType = folder.assetcatalog; path = Images.xcassets; sourceTree = "<group>"; };
		9798826A1B7217ED00580188 /* AliasTests.xctest */ = {isa = PBXFileReference; explicitFileType = wrapper.cfbundle; includeInIndex = 0; path = AliasTests.xctest; sourceTree = BUILT_PRODUCTS_DIR; };
		9798826F1B7217ED00580188 /* Info.plist */ = {isa = PBXFileReference; lastKnownFileType = text.plist.xml; path = Info.plist; sourceTree = "<group>"; };
		979882701B7217ED00580188 /* AliasTests.m */ = {isa = PBXFileReference; lastKnownFileType = sourcecode.c.objc; path = AliasTests.m; sourceTree = "<group>"; };
		9798827B1B7218A900580188 /* add team click.png */ = {isa = PBXFileReference; lastKnownFileType = image.png; path = "add team click.png"; sourceTree = "<group>"; };
		9798827C1B7218A900580188 /* add team.png */ = {isa = PBXFileReference; lastKnownFileType = image.png; path = "add team.png"; sourceTree = "<group>"; };
		9798827D1B7218A900580188 /* bg.png */ = {isa = PBXFileReference; lastKnownFileType = image.png; path = bg.png; sourceTree = "<group>"; };
		9798827E1B7218A900580188 /* btn add words click.png */ = {isa = PBXFileReference; lastKnownFileType = image.png; path = "btn add words click.png"; sourceTree = "<group>"; };
		9798827F1B7218A900580188 /* btn add words.png */ = {isa = PBXFileReference; lastKnownFileType = image.png; path = "btn add words.png"; sourceTree = "<group>"; };
		979882801B7218A900580188 /* btn buy click.png */ = {isa = PBXFileReference; lastKnownFileType = image.png; path = "btn buy click.png"; sourceTree = "<group>"; };
		979882811B7218A900580188 /* btn buy.png */ = {isa = PBXFileReference; lastKnownFileType = image.png; path = "btn buy.png"; sourceTree = "<group>"; };
		979882821B7218A900580188 /* btn continue click.png */ = {isa = PBXFileReference; lastKnownFileType = image.png; path = "btn continue click.png"; sourceTree = "<group>"; };
		979882831B7218A900580188 /* btn continue.png */ = {isa = PBXFileReference; lastKnownFileType = image.png; path = "btn continue.png"; sourceTree = "<group>"; };
		979882841B7218A900580188 /* btn end click.png */ = {isa = PBXFileReference; lastKnownFileType = image.png; path = "btn end click.png"; sourceTree = "<group>"; };
		979882851B7218A900580188 /* btn end.png */ = {isa = PBXFileReference; lastKnownFileType = image.png; path = "btn end.png"; sourceTree = "<group>"; };
		979882861B7218A900580188 /* btn for progress bar.png */ = {isa = PBXFileReference; lastKnownFileType = image.png; path = "btn for progress bar.png"; sourceTree = "<group>"; };
		979882871B7218A900580188 /* btn game rule click.png */ = {isa = PBXFileReference; lastKnownFileType = image.png; path = "btn game rule click.png"; sourceTree = "<group>"; };
		979882881B7218A900580188 /* btn game rule.png */ = {isa = PBXFileReference; lastKnownFileType = image.png; path = "btn game rule.png"; sourceTree = "<group>"; };
		979882891B7218A900580188 /* btn new game click.png */ = {isa = PBXFileReference; lastKnownFileType = image.png; path = "btn new game click.png"; sourceTree = "<group>"; };
		9798828A1B7218A900580188 /* btn new game.png */ = {isa = PBXFileReference; lastKnownFileType = image.png; path = "btn new game.png"; sourceTree = "<group>"; };
		9798828B1B7218A900580188 /* btn next click.png */ = {isa = PBXFileReference; lastKnownFileType = image.png; path = "btn next click.png"; sourceTree = "<group>"; };
		9798828C1B7218A900580188 /* btn next.png */ = {isa = PBXFileReference; lastKnownFileType = image.png; path = "btn next.png"; sourceTree = "<group>"; };
		9798828D1B7218A900580188 /* btn OK click.png */ = {isa = PBXFileReference; lastKnownFileType = image.png; path = "btn OK click.png"; sourceTree = "<group>"; };
		9798828E1B7218A900580188 /* btn OK.png */ = {isa = PBXFileReference; lastKnownFileType = image.png; path = "btn OK.png"; sourceTree = "<group>"; };
		9798828F1B7218A900580188 /* btn start click.png */ = {isa = PBXFileReference; lastKnownFileType = image.png; path = "btn start click.png"; sourceTree = "<group>"; };
		979882901B7218A900580188 /* btn start game click.png */ = {isa = PBXFileReference; lastKnownFileType = image.png; path = "btn start game click.png"; sourceTree = "<group>"; };
		979882911B7218A900580188 /* btn start game.png */ = {isa = PBXFileReference; lastKnownFileType = image.png; path = "btn start game.png"; sourceTree = "<group>"; };
		979882921B7218A900580188 /* btn start.png */ = {isa = PBXFileReference; lastKnownFileType = image.png; path = "btn start.png"; sourceTree = "<group>"; };
		979882931B7218A900580188 /* check OFF.png */ = {isa = PBXFileReference; lastKnownFileType = image.png; path = "check OFF.png"; sourceTree = "<group>"; };
		979882941B7218A900580188 /* check ON.png */ = {isa = PBXFileReference; lastKnownFileType = image.png; path = "check ON.png"; sourceTree = "<group>"; };
		979882951B7218A900580188 /* check unuse.png */ = {isa = PBXFileReference; lastKnownFileType = image.png; path = "check unuse.png"; sourceTree = "<group>"; };
		979882961B7218A900580188 /* check use.png */ = {isa = PBXFileReference; lastKnownFileType = image.png; path = "check use.png"; sourceTree = "<group>"; };
		979882971B7218A900580188 /* field pay.png */ = {isa = PBXFileReference; lastKnownFileType = image.png; path = "field pay.png"; sourceTree = "<group>"; };
		979882981B7218A900580188 /* logo.png */ = {isa = PBXFileReference; lastKnownFileType = image.png; path = logo.png; sourceTree = "<group>"; };
		979882991B7218A900580188 /* map.png */ = {isa = PBXFileReference; lastKnownFileType = image.png; path = map.png; sourceTree = "<group>"; };
		9798829A1B7218A900580188 /* progress bar.png */ = {isa = PBXFileReference; lastKnownFileType = image.png; path = "progress bar.png"; sourceTree = "<group>"; };
		9798829B1B7218A900580188 /* round logo.png */ = {isa = PBXFileReference; lastKnownFileType = image.png; path = "round logo.png"; sourceTree = "<group>"; };
		979882BE1B7218D200580188 /* Obelix pro.ttf */ = {isa = PBXFileReference; lastKnownFileType = file; path = "Obelix pro.ttf"; sourceTree = "<group>"; };
		979882C31B725AF700580188 /* AMGameContoller.h */ = {isa = PBXFileReference; fileEncoding = 4; lastKnownFileType = sourcecode.c.h; path = AMGameContoller.h; sourceTree = "<group>"; };
		979882C41B725AF700580188 /* AMGameContoller.m */ = {isa = PBXFileReference; fileEncoding = 4; lastKnownFileType = sourcecode.c.objc; path = AMGameContoller.m; sourceTree = "<group>"; };
/* End PBXFileReference section */

/* Begin PBXFrameworksBuildPhase section */
		9798824E1B7217EC00580188 /* Frameworks */ = {
			isa = PBXFrameworksBuildPhase;
			buildActionMask = 2147483647;
			files = (
			);
			runOnlyForDeploymentPostprocessing = 0;
		};
		979882671B7217ED00580188 /* Frameworks */ = {
			isa = PBXFrameworksBuildPhase;
			buildActionMask = 2147483647;
			files = (
			);
			runOnlyForDeploymentPostprocessing = 0;
		};
/* End PBXFrameworksBuildPhase section */

/* Begin PBXGroup section */
		975361261B74CB7F00C76208 /* Cells */ = {
			isa = PBXGroup;
			children = (
				975361231B74CB7B00C76208 /* AMTeamCell.h */,
				975361241B74CB7B00C76208 /* AMTeamCell.m */,
				975361271B74EF4900C76208 /* AMWordPachageCell.h */,
				975361281B74EF4900C76208 /* AMWordPachageCell.m */,
			);
			name = Cells;
			sourceTree = "<group>";
		};
		9755B0131B7264EE002286BF /* Models */ = {
			isa = PBXGroup;
			children = (
				9755B0151B726509002286BF /* AMTeam.h */,
				9755B0161B726509002286BF /* AMTeam.m */,
				9755B0181B726586002286BF /* AMGame.h */,
				9755B0191B726586002286BF /* AMGame.m */,
				9755B01B1B72662D002286BF /* AMWordPachage.h */,
				9755B01C1B72662D002286BF /* AMWordPachage.m */,
			);
			name = Models;
			sourceTree = "<group>";
		};
		979882481B7217EC00580188 = {
			isa = PBXGroup;
			children = (
				979882531B7217EC00580188 /* Alias */,
				9798826D1B7217ED00580188 /* AliasTests */,
				979882521B7217EC00580188 /* Products */,
			);
			sourceTree = "<group>";
		};
		979882521B7217EC00580188 /* Products */ = {
			isa = PBXGroup;
			children = (
				979882511B7217EC00580188 /* Alias.app */,
				9798826A1B7217ED00580188 /* AliasTests.xctest */,
			);
			name = Products;
			sourceTree = "<group>";
		};
		979882531B7217EC00580188 /* Alias */ = {
			isa = PBXGroup;
			children = (
				975361261B74CB7F00C76208 /* Cells */,
				9755B0131B7264EE002286BF /* Models */,
				979882C31B725AF700580188 /* AMGameContoller.h */,
				979882C41B725AF700580188 /* AMGameContoller.m */,
				9798825B1B7217EC00580188 /* ViewController.h */,
				9798825C1B7217EC00580188 /* ViewController.m */,
				979882581B7217EC00580188 /* AppDelegate.h */,
				979882591B7217EC00580188 /* AppDelegate.m */,
				9798825E1B7217EC00580188 /* Main.storyboard */,
				979882611B7217EC00580188 /* Images.xcassets */,
				979882BD1B7218B700580188 /* Resources */,
				979882541B7217EC00580188 /* Supporting Files */,
			);
			path = Alias;
			sourceTree = "<group>";
		};
		979882541B7217EC00580188 /* Supporting Files */ = {
			isa = PBXGroup;
			children = (
				979882551B7217EC00580188 /* Info.plist */,
				979882561B7217EC00580188 /* main.m */,
			);
			name = "Supporting Files";
			sourceTree = "<group>";
		};
		9798826D1B7217ED00580188 /* AliasTests */ = {
			isa = PBXGroup;
			children = (
				979882701B7217ED00580188 /* AliasTests.m */,
				9798826E1B7217ED00580188 /* Supporting Files */,
			);
			path = AliasTests;
			sourceTree = "<group>";
		};
		9798826E1B7217ED00580188 /* Supporting Files */ = {
			isa = PBXGroup;
			children = (
				9798826F1B7217ED00580188 /* Info.plist */,
			);
			name = "Supporting Files";
			sourceTree = "<group>";
		};
		9798827A1B7218A900580188 /* Images */ = {
			isa = PBXGroup;
			children = (
				9798827B1B7218A900580188 /* add team click.png */,
				9798827C1B7218A900580188 /* add team.png */,
				9798827D1B7218A900580188 /* bg.png */,
				9798827E1B7218A900580188 /* btn add words click.png */,
				9798827F1B7218A900580188 /* btn add words.png */,
				979882801B7218A900580188 /* btn buy click.png */,
				979882811B7218A900580188 /* btn buy.png */,
				979882821B7218A900580188 /* btn continue click.png */,
				979882831B7218A900580188 /* btn continue.png */,
				979882841B7218A900580188 /* btn end click.png */,
				979882851B7218A900580188 /* btn end.png */,
				979882861B7218A900580188 /* btn for progress bar.png */,
				979882871B7218A900580188 /* btn game rule click.png */,
				979882881B7218A900580188 /* btn game rule.png */,
				979882891B7218A900580188 /* btn new game click.png */,
				9798828A1B7218A900580188 /* btn new game.png */,
				9798828B1B7218A900580188 /* btn next click.png */,
				9798828C1B7218A900580188 /* btn next.png */,
				9798828D1B7218A900580188 /* btn OK click.png */,
				9798828E1B7218A900580188 /* btn OK.png */,
				9798828F1B7218A900580188 /* btn start click.png */,
				979882901B7218A900580188 /* btn start game click.png */,
				979882911B7218A900580188 /* btn start game.png */,
				979882921B7218A900580188 /* btn start.png */,
				979882931B7218A900580188 /* check OFF.png */,
				979882941B7218A900580188 /* check ON.png */,
				979882951B7218A900580188 /* check unuse.png */,
				979882961B7218A900580188 /* check use.png */,
				979882971B7218A900580188 /* field pay.png */,
				979882981B7218A900580188 /* logo.png */,
				979882991B7218A900580188 /* map.png */,
				9798829A1B7218A900580188 /* progress bar.png */,
				9798829B1B7218A900580188 /* round logo.png */,
			);
			path = Images;
			sourceTree = "<group>";
		};
		979882BD1B7218B700580188 /* Resources */ = {
			isa = PBXGroup;
			children = (
				979882C11B721E8300580188 /* Fonts */,
				9798827A1B7218A900580188 /* Images */,
			);
			name = Resources;
			sourceTree = "<group>";
		};
		979882C11B721E8300580188 /* Fonts */ = {
			isa = PBXGroup;
			children = (
				979882BE1B7218D200580188 /* Obelix pro.ttf */,
			);
			name = Fonts;
			sourceTree = "<group>";
		};
/* End PBXGroup section */

/* Begin PBXNativeTarget section */
		979882501B7217EC00580188 /* Alias */ = {
			isa = PBXNativeTarget;
			buildConfigurationList = 979882741B7217ED00580188 /* Build configuration list for PBXNativeTarget "Alias" */;
			buildPhases = (
				9798824D1B7217EC00580188 /* Sources */,
				9798824E1B7217EC00580188 /* Frameworks */,
				9798824F1B7217EC00580188 /* Resources */,
			);
			buildRules = (
			);
			dependencies = (
			);
			name = Alias;
			productName = Alias;
			productReference = 979882511B7217EC00580188 /* Alias.app */;
			productType = "com.apple.product-type.application";
		};
		979882691B7217ED00580188 /* AliasTests */ = {
			isa = PBXNativeTarget;
			buildConfigurationList = 979882771B7217ED00580188 /* Build configuration list for PBXNativeTarget "AliasTests" */;
			buildPhases = (
				979882661B7217ED00580188 /* Sources */,
				979882671B7217ED00580188 /* Frameworks */,
				979882681B7217ED00580188 /* Resources */,
			);
			buildRules = (
			);
			dependencies = (
				9798826C1B7217ED00580188 /* PBXTargetDependency */,
			);
			name = AliasTests;
			productName = AliasTests;
			productReference = 9798826A1B7217ED00580188 /* AliasTests.xctest */;
			productType = "com.apple.product-type.bundle.unit-test";
		};
/* End PBXNativeTarget section */

/* Begin PBXProject section */
		979882491B7217EC00580188 /* Project object */ = {
			isa = PBXProject;
			attributes = {
				LastUpgradeCheck = 0640;
				ORGANIZATIONNAME = "Alex Motor";
				TargetAttributes = {
					979882501B7217EC00580188 = {
						CreatedOnToolsVersion = 6.4;
					};
					979882691B7217ED00580188 = {
						CreatedOnToolsVersion = 6.4;
						TestTargetID = 979882501B7217EC00580188;
					};
				};
			};
			buildConfigurationList = 9798824C1B7217EC00580188 /* Build configuration list for PBXProject "Alias" */;
			compatibilityVersion = "Xcode 3.2";
			developmentRegion = English;
			hasScannedForEncodings = 0;
			knownRegions = (
				en,
				Base,
			);
			mainGroup = 979882481B7217EC00580188;
			productRefGroup = 979882521B7217EC00580188 /* Products */;
			projectDirPath = "";
			projectRoot = "";
			targets = (
				979882501B7217EC00580188 /* Alias */,
				979882691B7217ED00580188 /* AliasTests */,
			);
		};
/* End PBXProject section */

/* Begin PBXResourcesBuildPhase section */
		9798824F1B7217EC00580188 /* Resources */ = {
			isa = PBXResourcesBuildPhase;
			buildActionMask = 2147483647;
			files = (
				979882A71B7218A900580188 /* btn for progress bar.png in Resources */,
				979882C01B721E2C00580188 /* Obelix pro.ttf in Resources */,
				9798829E1B7218A900580188 /* bg.png in Resources */,
				979882BC1B7218A900580188 /* round logo.png in Resources */,
				979882A51B7218A900580188 /* btn end click.png in Resources */,
				979882601B7217EC00580188 /* Main.storyboard in Resources */,
				979882A81B7218A900580188 /* btn game rule click.png in Resources */,
				979882A21B7218A900580188 /* btn buy.png in Resources */,
				9798829C1B7218A900580188 /* add team click.png in Resources */,
				979882A01B7218A900580188 /* btn add words.png in Resources */,
				979882621B7217EC00580188 /* Images.xcassets in Resources */,
				979882B81B7218A900580188 /* field pay.png in Resources */,
				9798829F1B7218A900580188 /* btn add words click.png in Resources */,
				979882B21B7218A900580188 /* btn start game.png in Resources */,
				979882B91B7218A900580188 /* logo.png in Resources */,
				979882A91B7218A900580188 /* btn game rule.png in Resources */,
				979882B31B7218A900580188 /* btn start.png in Resources */,
				979882AE1B7218A900580188 /* btn OK click.png in Resources */,
				979882B01B7218A900580188 /* btn start click.png in Resources */,
				979882B11B7218A900580188 /* btn start game click.png in Resources */,
				979882A61B7218A900580188 /* btn end.png in Resources */,
				979882B71B7218A900580188 /* check use.png in Resources */,
				979882A11B7218A900580188 /* btn buy click.png in Resources */,
				979882A31B7218A900580188 /* btn continue click.png in Resources */,
				979882AD1B7218A900580188 /* btn next.png in Resources */,
				979882A41B7218A900580188 /* btn continue.png in Resources */,
				979882AF1B7218A900580188 /* btn OK.png in Resources */,
				979882B51B7218A900580188 /* check ON.png in Resources */,
				9798829D1B7218A900580188 /* add team.png in Resources */,
				979882BA1B7218A900580188 /* map.png in Resources */,
				979882AA1B7218A900580188 /* btn new game click.png in Resources */,
				979882AC1B7218A900580188 /* btn next click.png in Resources */,
				979882AB1B7218A900580188 /* btn new game.png in Resources */,
				979882B41B7218A900580188 /* check OFF.png in Resources */,
				979882B61B7218A900580188 /* check unuse.png in Resources */,
				979882BB1B7218A900580188 /* progress bar.png in Resources */,
			);
			runOnlyForDeploymentPostprocessing = 0;
		};
		979882681B7217ED00580188 /* Resources */ = {
			isa = PBXResourcesBuildPhase;
			buildActionMask = 2147483647;
			files = (
			);
			runOnlyForDeploymentPostprocessing = 0;
		};
/* End PBXResourcesBuildPhase section */

/* Begin PBXSourcesBuildPhase section */
		9798824D1B7217EC00580188 /* Sources */ = {
			isa = PBXSourcesBuildPhase;
			buildActionMask = 2147483647;
			files = (
				9755B01D1B72662D002286BF /* AMWordPachage.m in Sources */,
				9755B0171B726509002286BF /* AMTeam.m in Sources */,
				9798825D1B7217EC00580188 /* ViewController.m in Sources */,
				9798825A1B7217EC00580188 /* AppDelegate.m in Sources */,
				975361251B74CB7B00C76208 /* AMTeamCell.m in Sources */,
				9755B01A1B726586002286BF /* AMGame.m in Sources */,
				979882C51B725AF700580188 /* AMGameContoller.m in Sources */,
				975361291B74EF4900C76208 /* AMWordPachageCell.m in Sources */,
				979882571B7217EC00580188 /* main.m in Sources */,
			);
			runOnlyForDeploymentPostprocessing = 0;
		};
		979882661B7217ED00580188 /* Sources */ = {
			isa = PBXSourcesBuildPhase;
			buildActionMask = 2147483647;
			files = (
				979882711B7217ED00580188 /* AliasTests.m in Sources */,
			);
			runOnlyForDeploymentPostprocessing = 0;
		};
/* End PBXSourcesBuildPhase section */

/* Begin PBXTargetDependency section */
		9798826C1B7217ED00580188 /* PBXTargetDependency */ = {
			isa = PBXTargetDependency;
			target = 979882501B7217EC00580188 /* Alias */;
			targetProxy = 9798826B1B7217ED00580188 /* PBXContainerItemProxy */;
		};
/* End PBXTargetDependency section */

/* Begin PBXVariantGroup section */
		9798825E1B7217EC00580188 /* Main.storyboard */ = {
			isa = PBXVariantGroup;
			children = (
				9798825F1B7217EC00580188 /* Base */,
			);
			name = Main.storyboard;
			sourceTree = "<group>";
		};
/* End PBXVariantGroup section */

/* Begin XCBuildConfiguration section */
		979882721B7217ED00580188 /* Debug */ = {
			isa = XCBuildConfiguration;
			buildSettings = {
				ALWAYS_SEARCH_USER_PATHS = NO;
				CLANG_CXX_LANGUAGE_STANDARD = "gnu++0x";
				CLANG_CXX_LIBRARY = "libc++";
				CLANG_ENABLE_MODULES = YES;
				CLANG_ENABLE_OBJC_ARC = YES;
				CLANG_WARN_BOOL_CONVERSION = YES;
				CLANG_WARN_CONSTANT_CONVERSION = YES;
				CLANG_WARN_DIRECT_OBJC_ISA_USAGE = YES_ERROR;
				CLANG_WARN_EMPTY_BODY = YES;
				CLANG_WARN_ENUM_CONVERSION = YES;
				CLANG_WARN_INT_CONVERSION = YES;
				CLANG_WARN_OBJC_ROOT_CLASS = YES_ERROR;
				CLANG_WARN_UNREACHABLE_CODE = YES;
				CLANG_WARN__DUPLICATE_METHOD_MATCH = YES;
				"CODE_SIGN_IDENTITY[sdk=iphoneos*]" = "iPhone Developer";
				COPY_PHASE_STRIP = NO;
				DEBUG_INFORMATION_FORMAT = "dwarf-with-dsym";
				ENABLE_STRICT_OBJC_MSGSEND = YES;
				GCC_C_LANGUAGE_STANDARD = gnu99;
				GCC_DYNAMIC_NO_PIC = NO;
				GCC_NO_COMMON_BLOCKS = YES;
				GCC_OPTIMIZATION_LEVEL = 0;
				GCC_PREPROCESSOR_DEFINITIONS = (
					"DEBUG=1",
					"$(inherited)",
				);
				GCC_SYMBOLS_PRIVATE_EXTERN = NO;
				GCC_WARN_64_TO_32_BIT_CONVERSION = YES;
				GCC_WARN_ABOUT_RETURN_TYPE = YES_ERROR;
				GCC_WARN_UNDECLARED_SELECTOR = YES;
				GCC_WARN_UNINITIALIZED_AUTOS = YES_AGGRESSIVE;
				GCC_WARN_UNUSED_FUNCTION = YES;
				GCC_WARN_UNUSED_VARIABLE = YES;
				IPHONEOS_DEPLOYMENT_TARGET = 8.4;
				MTL_ENABLE_DEBUG_INFO = YES;
				ONLY_ACTIVE_ARCH = YES;
				SDKROOT = iphoneos;
			};
			name = Debug;
		};
		979882731B7217ED00580188 /* Release */ = {
			isa = XCBuildConfiguration;
			buildSettings = {
				ALWAYS_SEARCH_USER_PATHS = NO;
				CLANG_CXX_LANGUAGE_STANDARD = "gnu++0x";
				CLANG_CXX_LIBRARY = "libc++";
				CLANG_ENABLE_MODULES = YES;
				CLANG_ENABLE_OBJC_ARC = YES;
				CLANG_WARN_BOOL_CONVERSION = YES;
				CLANG_WARN_CONSTANT_CONVERSION = YES;
				CLANG_WARN_DIRECT_OBJC_ISA_USAGE = YES_ERROR;
				CLANG_WARN_EMPTY_BODY = YES;
				CLANG_WARN_ENUM_CONVERSION = YES;
				CLANG_WARN_INT_CONVERSION = YES;
				CLANG_WARN_OBJC_ROOT_CLASS = YES_ERROR;
				CLANG_WARN_UNREACHABLE_CODE = YES;
				CLANG_WARN__DUPLICATE_METHOD_MATCH = YES;
				"CODE_SIGN_IDENTITY[sdk=iphoneos*]" = "iPhone Developer";
				COPY_PHASE_STRIP = NO;
				DEBUG_INFORMATION_FORMAT = "dwarf-with-dsym";
				ENABLE_NS_ASSERTIONS = NO;
				ENABLE_STRICT_OBJC_MSGSEND = YES;
				GCC_C_LANGUAGE_STANDARD = gnu99;
				GCC_NO_COMMON_BLOCKS = YES;
				GCC_WARN_64_TO_32_BIT_CONVERSION = YES;
				GCC_WARN_ABOUT_RETURN_TYPE = YES_ERROR;
				GCC_WARN_UNDECLARED_SELECTOR = YES;
				GCC_WARN_UNINITIALIZED_AUTOS = YES_AGGRESSIVE;
				GCC_WARN_UNUSED_FUNCTION = YES;
				GCC_WARN_UNUSED_VARIABLE = YES;
				IPHONEOS_DEPLOYMENT_TARGET = 8.4;
				MTL_ENABLE_DEBUG_INFO = NO;
				SDKROOT = iphoneos;
				VALIDATE_PRODUCT = YES;
			};
			name = Release;
		};
		979882751B7217ED00580188 /* Debug */ = {
			isa = XCBuildConfiguration;
			buildSettings = {
				ASSETCATALOG_COMPILER_APPICON_NAME = AppIcon;
				INFOPLIST_FILE = Alias/Info.plist;
				LD_RUNPATH_SEARCH_PATHS = "$(inherited) @executable_path/Frameworks";
				PRODUCT_NAME = "$(TARGET_NAME)";
			};
			name = Debug;
		};
		979882761B7217ED00580188 /* Release */ = {
			isa = XCBuildConfiguration;
			buildSettings = {
				ASSETCATALOG_COMPILER_APPICON_NAME = AppIcon;
				INFOPLIST_FILE = Alias/Info.plist;
				LD_RUNPATH_SEARCH_PATHS = "$(inherited) @executable_path/Frameworks";
				PRODUCT_NAME = "$(TARGET_NAME)";
			};
			name = Release;
		};
		979882781B7217ED00580188 /* Debug */ = {
			isa = XCBuildConfiguration;
			buildSettings = {
				BUNDLE_LOADER = "$(TEST_HOST)";
				FRAMEWORK_SEARCH_PATHS = (
					"$(SDKROOT)/Developer/Library/Frameworks",
					"$(inherited)",
				);
				GCC_PREPROCESSOR_DEFINITIONS = (
					"DEBUG=1",
					"$(inherited)",
				);
				INFOPLIST_FILE = AliasTests/Info.plist;
				LD_RUNPATH_SEARCH_PATHS = "$(inherited) @executable_path/Frameworks @loader_path/Frameworks";
				PRODUCT_NAME = "$(TARGET_NAME)";
				TEST_HOST = "$(BUILT_PRODUCTS_DIR)/Alias.app/Alias";
			};
			name = Debug;
		};
		979882791B7217ED00580188 /* Release */ = {
			isa = XCBuildConfiguration;
			buildSettings = {
				BUNDLE_LOADER = "$(TEST_HOST)";
				FRAMEWORK_SEARCH_PATHS = (
					"$(SDKROOT)/Developer/Library/Frameworks",
					"$(inherited)",
				);
				INFOPLIST_FILE = AliasTests/Info.plist;
				LD_RUNPATH_SEARCH_PATHS = "$(inherited) @executable_path/Frameworks @loader_path/Frameworks";
				PRODUCT_NAME = "$(TARGET_NAME)";
				TEST_HOST = "$(BUILT_PRODUCTS_DIR)/Alias.app/Alias";
			};
			name = Release;
		};
/* End XCBuildConfiguration section */

/* Begin XCConfigurationList section */
		9798824C1B7217EC00580188 /* Build configuration list for PBXProject "Alias" */ = {
			isa = XCConfigurationList;
			buildConfigurations = (
				979882721B7217ED00580188 /* Debug */,
				979882731B7217ED00580188 /* Release */,
			);
			defaultConfigurationIsVisible = 0;
			defaultConfigurationName = Release;
		};
		979882741B7217ED00580188 /* Build configuration list for PBXNativeTarget "Alias" */ = {
			isa = XCConfigurationList;
			buildConfigurations = (
				979882751B7217ED00580188 /* Debug */,
				979882761B7217ED00580188 /* Release */,
			);
			defaultConfigurationIsVisible = 0;
			defaultConfigurationName = Release;
		};
		979882771B7217ED00580188 /* Build configuration list for PBXNativeTarget "AliasTests" */ = {
			isa = XCConfigurationList;
			buildConfigurations = (
				979882781B7217ED00580188 /* Debug */,
				979882791B7217ED00580188 /* Release */,
			);
			defaultConfigurationIsVisible = 0;
			defaultConfigurationName = Release;
		};
/* End XCConfigurationList section */
	};
	rootObject = 979882491B7217EC00580188 /* Project object */;
}
